// !$*UTF8*$!
{
	archiveVersion = 1;
	classes = {
	};
	objectVersion = 46;
	objects = {

/* Begin PBXBuildFile section */
		0DA35D3D4A8BF56C249CC0F9 /* libPods-ArToJaThesis.a in Frameworks */ = {isa = PBXBuildFile; fileRef = 0436B094E5E5D0CA3EA7275C /* libPods-ArToJaThesis.a */; };
		29660DB21E899B55006E406D /* LandingSequence.m in Sources */ = {isa = PBXBuildFile; fileRef = 29660DB11E899B55006E406D /* LandingSequence.m */; };
		297B30F11E880AD00041DE62 /* OpenCVConversion.mm in Sources */ = {isa = PBXBuildFile; fileRef = 297B30F01E880AD00041DE62 /* OpenCVConversion.mm */; };
		297B30F71E880AE30041DE62 /* Stitching.mm in Sources */ = {isa = PBXBuildFile; fileRef = 297B30F41E880AE30041DE62 /* Stitching.mm */; };
		297B30F81E880AE30041DE62 /* StitchingWrapper.cpp in Sources */ = {isa = PBXBuildFile; fileRef = 297B30F51E880AE30041DE62 /* StitchingWrapper.cpp */; };
		B30236DC1E86DBD00009D82C /* main.m in Sources */ = {isa = PBXBuildFile; fileRef = B30236DB1E86DBD00009D82C /* main.m */; };
		B30236E21E86DBD00009D82C /* ViewController.m in Sources */ = {isa = PBXBuildFile; fileRef = B30236E11E86DBD00009D82C /* ViewController.m */; };
		B30236E51E86DBD00009D82C /* Main.storyboard in Resources */ = {isa = PBXBuildFile; fileRef = B30236E31E86DBD00009D82C /* Main.storyboard */; };
		B30236E71E86DBD00009D82C /* Assets.xcassets in Resources */ = {isa = PBXBuildFile; fileRef = B30236E61E86DBD00009D82C /* Assets.xcassets */; };
		B30236EA1E86DBD00009D82C /* LaunchScreen.storyboard in Resources */ = {isa = PBXBuildFile; fileRef = B30236E81E86DBD00009D82C /* LaunchScreen.storyboard */; };
		B30236F51E86DBD00009D82C /* ArToJaThesisTests.m in Sources */ = {isa = PBXBuildFile; fileRef = B30236F41E86DBD00009D82C /* ArToJaThesisTests.m */; };
		B30237001E86DBD00009D82C /* ArToJaThesisUITests.m in Sources */ = {isa = PBXBuildFile; fileRef = B30236FF1E86DBD00009D82C /* ArToJaThesisUITests.m */; };
		B302370F1E86DFAF0009D82C /* DJICameraViewController.m in Sources */ = {isa = PBXBuildFile; fileRef = B302370E1E86DFAF0009D82C /* DJICameraViewController.m */; };
		B30237E41E86FFE10009D82C /* AppDelegate.m in Sources */ = {isa = PBXBuildFile; fileRef = B30237DF1E86FFE10009D82C /* AppDelegate.m */; };
		B30237E51E86FFE10009D82C /* DemoUtility.m in Sources */ = {isa = PBXBuildFile; fileRef = B30237E11E86FFE10009D82C /* DemoUtility.m */; };
		B30237E61E86FFE20009D82C /* VirtualStickView.m in Sources */ = {isa = PBXBuildFile; fileRef = B30237E31E86FFE10009D82C /* VirtualStickView.m */; };
		B30237E71E8703350009D82C /* VideoPreviewer.framework in Frameworks */ = {isa = PBXBuildFile; fileRef = B30237D91E86FC3E0009D82C /* VideoPreviewer.framework */; };
		B30237E81E8703350009D82C /* VideoPreviewer.framework in Embed Frameworks */ = {isa = PBXBuildFile; fileRef = B30237D91E86FC3E0009D82C /* VideoPreviewer.framework */; settings = {ATTRIBUTES = (CodeSignOnCopy, RemoveHeadersOnCopy, ); }; };
/* End PBXBuildFile section */

/* Begin PBXContainerItemProxy section */
		B30236F11E86DBD00009D82C /* PBXContainerItemProxy */ = {
			isa = PBXContainerItemProxy;
			containerPortal = B30236CF1E86DBD00009D82C /* Project object */;
			proxyType = 1;
			remoteGlobalIDString = B30236D61E86DBD00009D82C;
			remoteInfo = ArToJaThesis;
		};
		B30236FC1E86DBD00009D82C /* PBXContainerItemProxy */ = {
			isa = PBXContainerItemProxy;
			containerPortal = B30236CF1E86DBD00009D82C /* Project object */;
			proxyType = 1;
			remoteGlobalIDString = B30236D61E86DBD00009D82C;
			remoteInfo = ArToJaThesis;
		};
		B30237D81E86FC3E0009D82C /* PBXContainerItemProxy */ = {
			isa = PBXContainerItemProxy;
			containerPortal = B30237D41E86FC3D0009D82C /* VideoPreviewer.xcodeproj */;
			proxyType = 2;
			remoteGlobalIDString = 02A543FD1C3C51CB0083C11B;
			remoteInfo = VideoPreviewer;
		};
		B30237E91E8703350009D82C /* PBXContainerItemProxy */ = {
			isa = PBXContainerItemProxy;
			containerPortal = B30237D41E86FC3D0009D82C /* VideoPreviewer.xcodeproj */;
			proxyType = 1;
			remoteGlobalIDString = 02A543FC1C3C51CB0083C11B;
			remoteInfo = VideoPreviewer;
		};
/* End PBXContainerItemProxy section */

/* Begin PBXCopyFilesBuildPhase section */
		B30237EB1E8703350009D82C /* Embed Frameworks */ = {
			isa = PBXCopyFilesBuildPhase;
			buildActionMask = 2147483647;
			dstPath = "";
			dstSubfolderSpec = 10;
			files = (
				B30237E81E8703350009D82C /* VideoPreviewer.framework in Embed Frameworks */,
			);
			name = "Embed Frameworks";
			runOnlyForDeploymentPostprocessing = 0;
		};
/* End PBXCopyFilesBuildPhase section */

/* Begin PBXFileReference section */
		0436B094E5E5D0CA3EA7275C /* libPods-ArToJaThesis.a */ = {isa = PBXFileReference; explicitFileType = archive.ar; includeInIndex = 0; path = "libPods-ArToJaThesis.a"; sourceTree = BUILT_PRODUCTS_DIR; };
		14520859EE43EB9E81CFAA5B /* Pods-ArToJaThesis.release.xcconfig */ = {isa = PBXFileReference; includeInIndex = 1; lastKnownFileType = text.xcconfig; name = "Pods-ArToJaThesis.release.xcconfig"; path = "Pods/Target Support Files/Pods-ArToJaThesis/Pods-ArToJaThesis.release.xcconfig"; sourceTree = "<group>"; };
		29660DB11E899B55006E406D /* LandingSequence.m */ = {isa = PBXFileReference; fileEncoding = 4; lastKnownFileType = sourcecode.c.objc; name = LandingSequence.m; path = Landing/LandingSequence.m; sourceTree = "<group>"; };
		29660DB41E899B8A006E406D /* LandingSequence.h */ = {isa = PBXFileReference; fileEncoding = 4; lastKnownFileType = sourcecode.c.h; name = LandingSequence.h; path = Landing/LandingSequence.h; sourceTree = "<group>"; };
		297B30EE1E8808FF0041DE62 /* PrefixHeader.pch */ = {isa = PBXFileReference; fileEncoding = 4; lastKnownFileType = sourcecode.c.h; path = PrefixHeader.pch; sourceTree = "<group>"; };
		297B30EF1E880AD00041DE62 /* OpenCVConversion.h */ = {isa = PBXFileReference; fileEncoding = 4; lastKnownFileType = sourcecode.c.h; name = OpenCVConversion.h; path = CV/OpenCVConversion.h; sourceTree = "<group>"; };
		297B30F01E880AD00041DE62 /* OpenCVConversion.mm */ = {isa = PBXFileReference; fileEncoding = 4; lastKnownFileType = sourcecode.cpp.objcpp; name = OpenCVConversion.mm; path = CV/OpenCVConversion.mm; sourceTree = "<group>"; };
		297B30F31E880AE30041DE62 /* Stitching.h */ = {isa = PBXFileReference; fileEncoding = 4; lastKnownFileType = sourcecode.c.h; name = Stitching.h; path = CV/Stitching.h; sourceTree = "<group>"; };
		297B30F41E880AE30041DE62 /* Stitching.mm */ = {isa = PBXFileReference; fileEncoding = 4; lastKnownFileType = sourcecode.cpp.objcpp; name = Stitching.mm; path = CV/Stitching.mm; sourceTree = "<group>"; };
		297B30F51E880AE30041DE62 /* StitchingWrapper.cpp */ = {isa = PBXFileReference; fileEncoding = 4; lastKnownFileType = sourcecode.cpp.cpp; name = StitchingWrapper.cpp; path = CV/StitchingWrapper.cpp; sourceTree = "<group>"; };
		297B30F61E880AE30041DE62 /* StitchingWrapper.h */ = {isa = PBXFileReference; fileEncoding = 4; lastKnownFileType = sourcecode.c.h; name = StitchingWrapper.h; path = CV/StitchingWrapper.h; sourceTree = "<group>"; };
		B30236D71E86DBD00009D82C /* ArToJaThesis.app */ = {isa = PBXFileReference; explicitFileType = wrapper.application; includeInIndex = 0; path = ArToJaThesis.app; sourceTree = BUILT_PRODUCTS_DIR; };
		B30236DB1E86DBD00009D82C /* main.m */ = {isa = PBXFileReference; lastKnownFileType = sourcecode.c.objc; path = main.m; sourceTree = "<group>"; };
		B30236E01E86DBD00009D82C /* ViewController.h */ = {isa = PBXFileReference; lastKnownFileType = sourcecode.c.h; path = ViewController.h; sourceTree = "<group>"; };
		B30236E11E86DBD00009D82C /* ViewController.m */ = {isa = PBXFileReference; lastKnownFileType = sourcecode.c.objc; path = ViewController.m; sourceTree = "<group>"; };
		B30236E41E86DBD00009D82C /* Base */ = {isa = PBXFileReference; lastKnownFileType = file.storyboard; name = Base; path = Base.lproj/Main.storyboard; sourceTree = "<group>"; };
		B30236E61E86DBD00009D82C /* Assets.xcassets */ = {isa = PBXFileReference; lastKnownFileType = folder.assetcatalog; path = Assets.xcassets; sourceTree = "<group>"; };
		B30236E91E86DBD00009D82C /* Base */ = {isa = PBXFileReference; lastKnownFileType = file.storyboard; name = Base; path = Base.lproj/LaunchScreen.storyboard; sourceTree = "<group>"; };
		B30236EB1E86DBD00009D82C /* Info.plist */ = {isa = PBXFileReference; lastKnownFileType = text.plist.xml; path = Info.plist; sourceTree = "<group>"; };
		B30236F01E86DBD00009D82C /* ArToJaThesisTests.xctest */ = {isa = PBXFileReference; explicitFileType = wrapper.cfbundle; includeInIndex = 0; path = ArToJaThesisTests.xctest; sourceTree = BUILT_PRODUCTS_DIR; };
		B30236F41E86DBD00009D82C /* ArToJaThesisTests.m */ = {isa = PBXFileReference; lastKnownFileType = sourcecode.c.objc; path = ArToJaThesisTests.m; sourceTree = "<group>"; };
		B30236F61E86DBD00009D82C /* Info.plist */ = {isa = PBXFileReference; lastKnownFileType = text.plist.xml; path = Info.plist; sourceTree = "<group>"; };
		B30236FB1E86DBD00009D82C /* ArToJaThesisUITests.xctest */ = {isa = PBXFileReference; explicitFileType = wrapper.cfbundle; includeInIndex = 0; path = ArToJaThesisUITests.xctest; sourceTree = BUILT_PRODUCTS_DIR; };
		B30236FF1E86DBD00009D82C /* ArToJaThesisUITests.m */ = {isa = PBXFileReference; lastKnownFileType = sourcecode.c.objc; path = ArToJaThesisUITests.m; sourceTree = "<group>"; };
		B30237011E86DBD00009D82C /* Info.plist */ = {isa = PBXFileReference; lastKnownFileType = text.plist.xml; path = Info.plist; sourceTree = "<group>"; };
		B302370D1E86DFAF0009D82C /* DJICameraViewController.h */ = {isa = PBXFileReference; fileEncoding = 4; lastKnownFileType = sourcecode.c.h; path = DJICameraViewController.h; sourceTree = "<group>"; };
		B302370E1E86DFAF0009D82C /* DJICameraViewController.m */ = {isa = PBXFileReference; fileEncoding = 4; lastKnownFileType = sourcecode.c.objc; path = DJICameraViewController.m; sourceTree = "<group>"; };
		B30237D41E86FC3D0009D82C /* VideoPreviewer.xcodeproj */ = {isa = PBXFileReference; lastKnownFileType = "wrapper.pb-project"; name = VideoPreviewer.xcodeproj; path = Frameworks/VideoPreviewer/VideoPreviewer.xcodeproj; sourceTree = "<group>"; };
		B30237DE1E86FFE10009D82C /* AppDelegate.h */ = {isa = PBXFileReference; fileEncoding = 4; lastKnownFileType = sourcecode.c.h; path = AppDelegate.h; sourceTree = "<group>"; };
		B30237DF1E86FFE10009D82C /* AppDelegate.m */ = {isa = PBXFileReference; fileEncoding = 4; lastKnownFileType = sourcecode.c.objc; path = AppDelegate.m; sourceTree = "<group>"; };
		B30237E01E86FFE10009D82C /* DemoUtility.h */ = {isa = PBXFileReference; fileEncoding = 4; lastKnownFileType = sourcecode.c.h; path = DemoUtility.h; sourceTree = "<group>"; };
		B30237E11E86FFE10009D82C /* DemoUtility.m */ = {isa = PBXFileReference; fileEncoding = 4; lastKnownFileType = sourcecode.c.objc; path = DemoUtility.m; sourceTree = "<group>"; };
		B30237E21E86FFE10009D82C /* VirtualStickView.h */ = {isa = PBXFileReference; fileEncoding = 4; lastKnownFileType = sourcecode.c.h; path = VirtualStickView.h; sourceTree = "<group>"; };
		B30237E31E86FFE10009D82C /* VirtualStickView.m */ = {isa = PBXFileReference; fileEncoding = 4; lastKnownFileType = sourcecode.c.objc; path = VirtualStickView.m; sourceTree = "<group>"; };
		D21BC0FA4314BB7B82095D59 /* Pods-ArToJaThesis.debug.xcconfig */ = {isa = PBXFileReference; includeInIndex = 1; lastKnownFileType = text.xcconfig; name = "Pods-ArToJaThesis.debug.xcconfig"; path = "Pods/Target Support Files/Pods-ArToJaThesis/Pods-ArToJaThesis.debug.xcconfig"; sourceTree = "<group>"; };
/* End PBXFileReference section */

/* Begin PBXFrameworksBuildPhase section */
		B30236D41E86DBD00009D82C /* Frameworks */ = {
			isa = PBXFrameworksBuildPhase;
			buildActionMask = 2147483647;
			files = (
				B30237E71E8703350009D82C /* VideoPreviewer.framework in Frameworks */,
				0DA35D3D4A8BF56C249CC0F9 /* libPods-ArToJaThesis.a in Frameworks */,
			);
			runOnlyForDeploymentPostprocessing = 0;
		};
		B30236ED1E86DBD00009D82C /* Frameworks */ = {
			isa = PBXFrameworksBuildPhase;
			buildActionMask = 2147483647;
			files = (
			);
			runOnlyForDeploymentPostprocessing = 0;
		};
		B30236F81E86DBD00009D82C /* Frameworks */ = {
			isa = PBXFrameworksBuildPhase;
			buildActionMask = 2147483647;
			files = (
			);
			runOnlyForDeploymentPostprocessing = 0;
		};
/* End PBXFrameworksBuildPhase section */

/* Begin PBXGroup section */
		29660DB31E899B5E006E406D /* Landing */ = {
			isa = PBXGroup;
			children = (
				29660DB11E899B55006E406D /* LandingSequence.m */,
				29660DB41E899B8A006E406D /* LandingSequence.h */,
			);
			name = Landing;
			sourceTree = "<group>";
		};
		297B30F21E880AD50041DE62 /* CV */ = {
			isa = PBXGroup;
			children = (
				297B30F31E880AE30041DE62 /* Stitching.h */,
				297B30F41E880AE30041DE62 /* Stitching.mm */,
				297B30F51E880AE30041DE62 /* StitchingWrapper.cpp */,
				297B30F61E880AE30041DE62 /* StitchingWrapper.h */,
				297B30EF1E880AD00041DE62 /* OpenCVConversion.h */,
				297B30F01E880AD00041DE62 /* OpenCVConversion.mm */,
			);
			name = CV;
			sourceTree = "<group>";
		};
		A539BB3AE983DAB42C0AAB99 /* Frameworks */ = {
			isa = PBXGroup;
			children = (
				0436B094E5E5D0CA3EA7275C /* libPods-ArToJaThesis.a */,
			);
			name = Frameworks;
			sourceTree = "<group>";
		};
		B30236CE1E86DBD00009D82C = {
			isa = PBXGroup;
			children = (
				B30236D91E86DBD00009D82C /* ArToJaThesis */,
				B30236F31E86DBD00009D82C /* ArToJaThesisTests */,
				B30236FE1E86DBD00009D82C /* ArToJaThesisUITests */,
				B30236D81E86DBD00009D82C /* Products */,
				CCD6A9C8E6E2ADD393439C80 /* Pods */,
				A539BB3AE983DAB42C0AAB99 /* Frameworks */,
			);
			sourceTree = "<group>";
		};
		B30236D81E86DBD00009D82C /* Products */ = {
			isa = PBXGroup;
			children = (
				B30236D71E86DBD00009D82C /* ArToJaThesis.app */,
				B30236F01E86DBD00009D82C /* ArToJaThesisTests.xctest */,
				B30236FB1E86DBD00009D82C /* ArToJaThesisUITests.xctest */,
			);
			name = Products;
			sourceTree = "<group>";
		};
		B30236D91E86DBD00009D82C /* ArToJaThesis */ = {
			isa = PBXGroup;
			children = (
				B30237D31E86FC340009D82C /* Frameworks */,
				B302370D1E86DFAF0009D82C /* DJICameraViewController.h */,
				B302370E1E86DFAF0009D82C /* DJICameraViewController.m */,
				29660DB31E899B5E006E406D /* Landing */,
				B30237DE1E86FFE10009D82C /* AppDelegate.h */,
				B30237DF1E86FFE10009D82C /* AppDelegate.m */,
				297B30EE1E8808FF0041DE62 /* PrefixHeader.pch */,
				297B30F21E880AD50041DE62 /* CV */,
				B30237E01E86FFE10009D82C /* DemoUtility.h */,
				B30237E11E86FFE10009D82C /* DemoUtility.m */,
				B30237E21E86FFE10009D82C /* VirtualStickView.h */,
				B30237E31E86FFE10009D82C /* VirtualStickView.m */,
				B30236E01E86DBD00009D82C /* ViewController.h */,
				B30236E11E86DBD00009D82C /* ViewController.m */,
				B30236E31E86DBD00009D82C /* Main.storyboard */,
				B30236E61E86DBD00009D82C /* Assets.xcassets */,
				B30236E81E86DBD00009D82C /* LaunchScreen.storyboard */,
				B30236EB1E86DBD00009D82C /* Info.plist */,
				B30236DA1E86DBD00009D82C /* Supporting Files */,
			);
			path = ArToJaThesis;
			sourceTree = "<group>";
		};
		B30236DA1E86DBD00009D82C /* Supporting Files */ = {
			isa = PBXGroup;
			children = (
				B30236DB1E86DBD00009D82C /* main.m */,
			);
			name = "Supporting Files";
			sourceTree = "<group>";
		};
		B30236F31E86DBD00009D82C /* ArToJaThesisTests */ = {
			isa = PBXGroup;
			children = (
				B30236F41E86DBD00009D82C /* ArToJaThesisTests.m */,
				B30236F61E86DBD00009D82C /* Info.plist */,
			);
			path = ArToJaThesisTests;
			sourceTree = "<group>";
		};
		B30236FE1E86DBD00009D82C /* ArToJaThesisUITests */ = {
			isa = PBXGroup;
			children = (
				B30236FF1E86DBD00009D82C /* ArToJaThesisUITests.m */,
				B30237011E86DBD00009D82C /* Info.plist */,
			);
			path = ArToJaThesisUITests;
			sourceTree = "<group>";
		};
		B30237D31E86FC340009D82C /* Frameworks */ = {
			isa = PBXGroup;
			children = (
				B30237D41E86FC3D0009D82C /* VideoPreviewer.xcodeproj */,
			);
			name = Frameworks;
			sourceTree = "<group>";
		};
		B30237D51E86FC3D0009D82C /* Products */ = {
			isa = PBXGroup;
			children = (
				B30237D91E86FC3E0009D82C /* VideoPreviewer.framework */,
			);
			name = Products;
			sourceTree = "<group>";
		};
		CCD6A9C8E6E2ADD393439C80 /* Pods */ = {
			isa = PBXGroup;
			children = (
				D21BC0FA4314BB7B82095D59 /* Pods-ArToJaThesis.debug.xcconfig */,
				14520859EE43EB9E81CFAA5B /* Pods-ArToJaThesis.release.xcconfig */,
			);
			name = Pods;
			sourceTree = "<group>";
		};
/* End PBXGroup section */

/* Begin PBXNativeTarget section */
		B30236D61E86DBD00009D82C /* ArToJaThesis */ = {
			isa = PBXNativeTarget;
			buildConfigurationList = B30237041E86DBD00009D82C /* Build configuration list for PBXNativeTarget "ArToJaThesis" */;
			buildPhases = (
				A2EF652C1E9CEED5C2103AB2 /* [CP] Check Pods Manifest.lock */,
				B30236D31E86DBD00009D82C /* Sources */,
				B30236D41E86DBD00009D82C /* Frameworks */,
				B30236D51E86DBD00009D82C /* Resources */,
				ABACC2073D2A786F2B1A7CF8 /* [CP] Embed Pods Frameworks */,
				4EAE94761A39A5600B470949 /* [CP] Copy Pods Resources */,
				B30237EB1E8703350009D82C /* Embed Frameworks */,
			);
			buildRules = (
			);
			dependencies = (
				B30237EA1E8703350009D82C /* PBXTargetDependency */,
			);
			name = ArToJaThesis;
			productName = ArToJaThesis;
			productReference = B30236D71E86DBD00009D82C /* ArToJaThesis.app */;
			productType = "com.apple.product-type.application";
		};
		B30236EF1E86DBD00009D82C /* ArToJaThesisTests */ = {
			isa = PBXNativeTarget;
			buildConfigurationList = B30237071E86DBD00009D82C /* Build configuration list for PBXNativeTarget "ArToJaThesisTests" */;
			buildPhases = (
				B30236EC1E86DBD00009D82C /* Sources */,
				B30236ED1E86DBD00009D82C /* Frameworks */,
				B30236EE1E86DBD00009D82C /* Resources */,
			);
			buildRules = (
			);
			dependencies = (
				B30236F21E86DBD00009D82C /* PBXTargetDependency */,
			);
			name = ArToJaThesisTests;
			productName = ArToJaThesisTests;
			productReference = B30236F01E86DBD00009D82C /* ArToJaThesisTests.xctest */;
			productType = "com.apple.product-type.bundle.unit-test";
		};
		B30236FA1E86DBD00009D82C /* ArToJaThesisUITests */ = {
			isa = PBXNativeTarget;
			buildConfigurationList = B302370A1E86DBD00009D82C /* Build configuration list for PBXNativeTarget "ArToJaThesisUITests" */;
			buildPhases = (
				B30236F71E86DBD00009D82C /* Sources */,
				B30236F81E86DBD00009D82C /* Frameworks */,
				B30236F91E86DBD00009D82C /* Resources */,
			);
			buildRules = (
			);
			dependencies = (
				B30236FD1E86DBD00009D82C /* PBXTargetDependency */,
			);
			name = ArToJaThesisUITests;
			productName = ArToJaThesisUITests;
			productReference = B30236FB1E86DBD00009D82C /* ArToJaThesisUITests.xctest */;
			productType = "com.apple.product-type.bundle.ui-testing";
		};
/* End PBXNativeTarget section */

/* Begin PBXProject section */
		B30236CF1E86DBD00009D82C /* Project object */ = {
			isa = PBXProject;
			attributes = {
				LastUpgradeCheck = 0820;
				ORGANIZATIONNAME = "James Almeida";
				TargetAttributes = {
					B30236D61E86DBD00009D82C = {
						CreatedOnToolsVersion = 8.2.1;
						DevelopmentTeam = SL962NMQ3M;
						ProvisioningStyle = Automatic;
					};
					B30236EF1E86DBD00009D82C = {
						CreatedOnToolsVersion = 8.2.1;
						DevelopmentTeam = SL962NMQ3M;
						ProvisioningStyle = Automatic;
						TestTargetID = B30236D61E86DBD00009D82C;
					};
					B30236FA1E86DBD00009D82C = {
						CreatedOnToolsVersion = 8.2.1;
						DevelopmentTeam = SL962NMQ3M;
						ProvisioningStyle = Automatic;
						TestTargetID = B30236D61E86DBD00009D82C;
					};
				};
			};
			buildConfigurationList = B30236D21E86DBD00009D82C /* Build configuration list for PBXProject "ArToJaThesis" */;
			compatibilityVersion = "Xcode 3.2";
			developmentRegion = English;
			hasScannedForEncodings = 0;
			knownRegions = (
				en,
				Base,
			);
			mainGroup = B30236CE1E86DBD00009D82C;
			productRefGroup = B30236D81E86DBD00009D82C /* Products */;
			projectDirPath = "";
			projectReferences = (
				{
					ProductGroup = B30237D51E86FC3D0009D82C /* Products */;
					ProjectRef = B30237D41E86FC3D0009D82C /* VideoPreviewer.xcodeproj */;
				},
			);
			projectRoot = "";
			targets = (
				B30236D61E86DBD00009D82C /* ArToJaThesis */,
				B30236EF1E86DBD00009D82C /* ArToJaThesisTests */,
				B30236FA1E86DBD00009D82C /* ArToJaThesisUITests */,
			);
		};
/* End PBXProject section */

/* Begin PBXReferenceProxy section */
		B30237D91E86FC3E0009D82C /* VideoPreviewer.framework */ = {
			isa = PBXReferenceProxy;
			fileType = wrapper.framework;
			path = VideoPreviewer.framework;
			remoteRef = B30237D81E86FC3E0009D82C /* PBXContainerItemProxy */;
			sourceTree = BUILT_PRODUCTS_DIR;
		};
/* End PBXReferenceProxy section */

/* Begin PBXResourcesBuildPhase section */
		B30236D51E86DBD00009D82C /* Resources */ = {
			isa = PBXResourcesBuildPhase;
			buildActionMask = 2147483647;
			files = (
				B30236EA1E86DBD00009D82C /* LaunchScreen.storyboard in Resources */,
				B30236E71E86DBD00009D82C /* Assets.xcassets in Resources */,
				B30236E51E86DBD00009D82C /* Main.storyboard in Resources */,
			);
			runOnlyForDeploymentPostprocessing = 0;
		};
		B30236EE1E86DBD00009D82C /* Resources */ = {
			isa = PBXResourcesBuildPhase;
			buildActionMask = 2147483647;
			files = (
			);
			runOnlyForDeploymentPostprocessing = 0;
		};
		B30236F91E86DBD00009D82C /* Resources */ = {
			isa = PBXResourcesBuildPhase;
			buildActionMask = 2147483647;
			files = (
			);
			runOnlyForDeploymentPostprocessing = 0;
		};
/* End PBXResourcesBuildPhase section */

/* Begin PBXShellScriptBuildPhase section */
		4EAE94761A39A5600B470949 /* [CP] Copy Pods Resources */ = {
			isa = PBXShellScriptBuildPhase;
			buildActionMask = 2147483647;
			files = (
			);
			inputPaths = (
			);
			name = "[CP] Copy Pods Resources";
			outputPaths = (
			);
			runOnlyForDeploymentPostprocessing = 0;
			shellPath = /bin/sh;
			shellScript = "\"${SRCROOT}/Pods/Target Support Files/Pods-ArToJaThesis/Pods-ArToJaThesis-resources.sh\"\n";
			showEnvVarsInLog = 0;
		};
		A2EF652C1E9CEED5C2103AB2 /* [CP] Check Pods Manifest.lock */ = {
			isa = PBXShellScriptBuildPhase;
			buildActionMask = 2147483647;
			files = (
			);
			inputPaths = (
			);
			name = "[CP] Check Pods Manifest.lock";
			outputPaths = (
			);
			runOnlyForDeploymentPostprocessing = 0;
			shellPath = /bin/sh;
			shellScript = "diff \"${PODS_ROOT}/../Podfile.lock\" \"${PODS_ROOT}/Manifest.lock\" > /dev/null\nif [ $? != 0 ] ; then\n    # print error to STDERR\n    echo \"error: The sandbox is not in sync with the Podfile.lock. Run 'pod install' or update your CocoaPods installation.\" >&2\n    exit 1\nfi\n";
			showEnvVarsInLog = 0;
		};
		ABACC2073D2A786F2B1A7CF8 /* [CP] Embed Pods Frameworks */ = {
			isa = PBXShellScriptBuildPhase;
			buildActionMask = 2147483647;
			files = (
			);
			inputPaths = (
			);
			name = "[CP] Embed Pods Frameworks";
			outputPaths = (
			);
			runOnlyForDeploymentPostprocessing = 0;
			shellPath = /bin/sh;
			shellScript = "\"${SRCROOT}/Pods/Target Support Files/Pods-ArToJaThesis/Pods-ArToJaThesis-frameworks.sh\"\n";
			showEnvVarsInLog = 0;
		};
/* End PBXShellScriptBuildPhase section */

/* Begin PBXSourcesBuildPhase section */
		B30236D31E86DBD00009D82C /* Sources */ = {
			isa = PBXSourcesBuildPhase;
			buildActionMask = 2147483647;
			files = (
				297B30F81E880AE30041DE62 /* StitchingWrapper.cpp in Sources */,
				B30236E21E86DBD00009D82C /* ViewController.m in Sources */,
				297B30F71E880AE30041DE62 /* Stitching.mm in Sources */,
				297B30F11E880AD00041DE62 /* OpenCVConversion.mm in Sources */,
				B30237E61E86FFE20009D82C /* VirtualStickView.m in Sources */,
				B30236DC1E86DBD00009D82C /* main.m in Sources */,
				29660DB21E899B55006E406D /* LandingSequence.m in Sources */,
				B30237E51E86FFE10009D82C /* DemoUtility.m in Sources */,
				B302370F1E86DFAF0009D82C /* DJICameraViewController.m in Sources */,
				B30237E41E86FFE10009D82C /* AppDelegate.m in Sources */,
			);
			runOnlyForDeploymentPostprocessing = 0;
		};
		B30236EC1E86DBD00009D82C /* Sources */ = {
			isa = PBXSourcesBuildPhase;
			buildActionMask = 2147483647;
			files = (
				B30236F51E86DBD00009D82C /* ArToJaThesisTests.m in Sources */,
			);
			runOnlyForDeploymentPostprocessing = 0;
		};
		B30236F71E86DBD00009D82C /* Sources */ = {
			isa = PBXSourcesBuildPhase;
			buildActionMask = 2147483647;
			files = (
				B30237001E86DBD00009D82C /* ArToJaThesisUITests.m in Sources */,
			);
			runOnlyForDeploymentPostprocessing = 0;
		};
/* End PBXSourcesBuildPhase section */

/* Begin PBXTargetDependency section */
		B30236F21E86DBD00009D82C /* PBXTargetDependency */ = {
			isa = PBXTargetDependency;
			target = B30236D61E86DBD00009D82C /* ArToJaThesis */;
			targetProxy = B30236F11E86DBD00009D82C /* PBXContainerItemProxy */;
		};
		B30236FD1E86DBD00009D82C /* PBXTargetDependency */ = {
			isa = PBXTargetDependency;
			target = B30236D61E86DBD00009D82C /* ArToJaThesis */;
			targetProxy = B30236FC1E86DBD00009D82C /* PBXContainerItemProxy */;
		};
		B30237EA1E8703350009D82C /* PBXTargetDependency */ = {
			isa = PBXTargetDependency;
			name = VideoPreviewer;
			targetProxy = B30237E91E8703350009D82C /* PBXContainerItemProxy */;
		};
/* End PBXTargetDependency section */

/* Begin PBXVariantGroup section */
		B30236E31E86DBD00009D82C /* Main.storyboard */ = {
			isa = PBXVariantGroup;
			children = (
				B30236E41E86DBD00009D82C /* Base */,
			);
			name = Main.storyboard;
			sourceTree = "<group>";
		};
		B30236E81E86DBD00009D82C /* LaunchScreen.storyboard */ = {
			isa = PBXVariantGroup;
			children = (
				B30236E91E86DBD00009D82C /* Base */,
			);
			name = LaunchScreen.storyboard;
			sourceTree = "<group>";
		};
/* End PBXVariantGroup section */

/* Begin XCBuildConfiguration section */
		B30237021E86DBD00009D82C /* Debug */ = {
			isa = XCBuildConfiguration;
			buildSettings = {
				ALWAYS_SEARCH_USER_PATHS = NO;
				CLANG_ANALYZER_NONNULL = YES;
				CLANG_CXX_LANGUAGE_STANDARD = "gnu++0x";
				CLANG_CXX_LIBRARY = "libc++";
				CLANG_ENABLE_MODULES = YES;
				CLANG_ENABLE_OBJC_ARC = YES;
				CLANG_WARN_BOOL_CONVERSION = YES;
				CLANG_WARN_CONSTANT_CONVERSION = YES;
				CLANG_WARN_DIRECT_OBJC_ISA_USAGE = YES_ERROR;
				CLANG_WARN_DOCUMENTATION_COMMENTS = YES;
				CLANG_WARN_EMPTY_BODY = YES;
				CLANG_WARN_ENUM_CONVERSION = YES;
				CLANG_WARN_INFINITE_RECURSION = YES;
				CLANG_WARN_INT_CONVERSION = YES;
				CLANG_WARN_OBJC_ROOT_CLASS = YES_ERROR;
				CLANG_WARN_SUSPICIOUS_MOVE = YES;
				CLANG_WARN_UNREACHABLE_CODE = YES;
				CLANG_WARN__DUPLICATE_METHOD_MATCH = YES;
				"CODE_SIGN_IDENTITY[sdk=iphoneos*]" = "iPhone Developer";
				COPY_PHASE_STRIP = NO;
				DEBUG_INFORMATION_FORMAT = dwarf;
				ENABLE_STRICT_OBJC_MSGSEND = YES;
				ENABLE_TESTABILITY = YES;
				GCC_C_LANGUAGE_STANDARD = gnu99;
				GCC_DYNAMIC_NO_PIC = NO;
				GCC_NO_COMMON_BLOCKS = YES;
				GCC_OPTIMIZATION_LEVEL = 0;
				GCC_PREPROCESSOR_DEFINITIONS = (
					"DEBUG=1",
					"$(inherited)",
				);
				GCC_WARN_64_TO_32_BIT_CONVERSION = YES;
				GCC_WARN_ABOUT_RETURN_TYPE = YES_ERROR;
				GCC_WARN_UNDECLARED_SELECTOR = YES;
				GCC_WARN_UNINITIALIZED_AUTOS = YES_AGGRESSIVE;
				GCC_WARN_UNUSED_FUNCTION = YES;
				GCC_WARN_UNUSED_VARIABLE = YES;
				IPHONEOS_DEPLOYMENT_TARGET = 10.2;
				MTL_ENABLE_DEBUG_INFO = YES;
				ONLY_ACTIVE_ARCH = YES;
				SDKROOT = iphoneos;
				TARGETED_DEVICE_FAMILY = "1,2";
			};
			name = Debug;
		};
		B30237031E86DBD00009D82C /* Release */ = {
			isa = XCBuildConfiguration;
			buildSettings = {
				ALWAYS_SEARCH_USER_PATHS = NO;
				CLANG_ANALYZER_NONNULL = YES;
				CLANG_CXX_LANGUAGE_STANDARD = "gnu++0x";
				CLANG_CXX_LIBRARY = "libc++";
				CLANG_ENABLE_MODULES = YES;
				CLANG_ENABLE_OBJC_ARC = YES;
				CLANG_WARN_BOOL_CONVERSION = YES;
				CLANG_WARN_CONSTANT_CONVERSION = YES;
				CLANG_WARN_DIRECT_OBJC_ISA_USAGE = YES_ERROR;
				CLANG_WARN_DOCUMENTATION_COMMENTS = YES;
				CLANG_WARN_EMPTY_BODY = YES;
				CLANG_WARN_ENUM_CONVERSION = YES;
				CLANG_WARN_INFINITE_RECURSION = YES;
				CLANG_WARN_INT_CONVERSION = YES;
				CLANG_WARN_OBJC_ROOT_CLASS = YES_ERROR;
				CLANG_WARN_SUSPICIOUS_MOVE = YES;
				CLANG_WARN_UNREACHABLE_CODE = YES;
				CLANG_WARN__DUPLICATE_METHOD_MATCH = YES;
				"CODE_SIGN_IDENTITY[sdk=iphoneos*]" = "iPhone Developer";
				COPY_PHASE_STRIP = NO;
				DEBUG_INFORMATION_FORMAT = "dwarf-with-dsym";
				ENABLE_NS_ASSERTIONS = NO;
				ENABLE_STRICT_OBJC_MSGSEND = YES;
				GCC_C_LANGUAGE_STANDARD = gnu99;
				GCC_NO_COMMON_BLOCKS = YES;
				GCC_WARN_64_TO_32_BIT_CONVERSION = YES;
				GCC_WARN_ABOUT_RETURN_TYPE = YES_ERROR;
				GCC_WARN_UNDECLARED_SELECTOR = YES;
				GCC_WARN_UNINITIALIZED_AUTOS = YES_AGGRESSIVE;
				GCC_WARN_UNUSED_FUNCTION = YES;
				GCC_WARN_UNUSED_VARIABLE = YES;
				IPHONEOS_DEPLOYMENT_TARGET = 10.2;
				MTL_ENABLE_DEBUG_INFO = NO;
				SDKROOT = iphoneos;
				TARGETED_DEVICE_FAMILY = "1,2";
				VALIDATE_PRODUCT = YES;
			};
			name = Release;
		};
		B30237051E86DBD00009D82C /* Debug */ = {
			isa = XCBuildConfiguration;
			baseConfigurationReference = D21BC0FA4314BB7B82095D59 /* Pods-ArToJaThesis.debug.xcconfig */;
			buildSettings = {
				ASSETCATALOG_COMPILER_APPICON_NAME = AppIcon;
				DEVELOPMENT_TEAM = SL962NMQ3M;
				ENABLE_BITCODE = NO;
				GCC_NO_COMMON_BLOCKS = NO;
				GCC_PRECOMPILE_PREFIX_HEADER = YES;
				GCC_PREFIX_HEADER = "$(SRCROOT)/ArToJaThesis/PrefixHeader.pch";
				INFOPLIST_FILE = ArToJaThesis/Info.plist;
				LD_RUNPATH_SEARCH_PATHS = "$(inherited) @executable_path/Frameworks";
				LIBRARY_SEARCH_PATHS = (
					"$(inherited)",
					"$(PROJECT_DIR)/ArToJaThesis/Frameworks/VideoPreviewer/VideoPreviewer/ffmpeg/lib",
				);
				PRODUCT_BUNDLE_IDENTIFIER = jamesalmeida24.ArToJaThesis;
				PRODUCT_NAME = "$(TARGET_NAME)";
			};
			name = Debug;
		};
		B30237061E86DBD00009D82C /* Release */ = {
			isa = XCBuildConfiguration;
			baseConfigurationReference = 14520859EE43EB9E81CFAA5B /* Pods-ArToJaThesis.release.xcconfig */;
			buildSettings = {
				ASSETCATALOG_COMPILER_APPICON_NAME = AppIcon;
				DEVELOPMENT_TEAM = SL962NMQ3M;
				ENABLE_BITCODE = NO;
				GCC_NO_COMMON_BLOCKS = NO;
				GCC_PRECOMPILE_PREFIX_HEADER = YES;
				GCC_PREFIX_HEADER = "$(SRCROOT)/ArToJaThesis/PrefixHeader.pch";
				INFOPLIST_FILE = ArToJaThesis/Info.plist;
				LD_RUNPATH_SEARCH_PATHS = "$(inherited) @executable_path/Frameworks";
				LIBRARY_SEARCH_PATHS = (
					"$(inherited)",
					"$(PROJECT_DIR)/ArToJaThesis/Frameworks/VideoPreviewer/VideoPreviewer/ffmpeg/lib",
				);
				PRODUCT_BUNDLE_IDENTIFIER = jamesalmeida24.ArToJaThesis;
				PRODUCT_NAME = "$(TARGET_NAME)";
			};
			name = Release;
		};
		B30237081E86DBD00009D82C /* Debug */ = {
			isa = XCBuildConfiguration;
			buildSettings = {
				BUNDLE_LOADER = "$(TEST_HOST)";
				DEVELOPMENT_TEAM = SL962NMQ3M;
				INFOPLIST_FILE = ArToJaThesisTests/Info.plist;
				LD_RUNPATH_SEARCH_PATHS = "$(inherited) @executable_path/Frameworks @loader_path/Frameworks";
				PRODUCT_BUNDLE_IDENTIFIER = jamesalmeida24.ArToJaThesisTests;
				PRODUCT_NAME = "$(TARGET_NAME)";
				TEST_HOST = "$(BUILT_PRODUCTS_DIR)/ArToJaThesis.app/ArToJaThesis";
			};
			name = Debug;
		};
		B30237091E86DBD00009D82C /* Release */ = {
			isa = XCBuildConfiguration;
			buildSettings = {
				BUNDLE_LOADER = "$(TEST_HOST)";
				DEVELOPMENT_TEAM = SL962NMQ3M;
				INFOPLIST_FILE = ArToJaThesisTests/Info.plist;
				LD_RUNPATH_SEARCH_PATHS = "$(inherited) @executable_path/Frameworks @loader_path/Frameworks";
				PRODUCT_BUNDLE_IDENTIFIER = jamesalmeida24.ArToJaThesisTests;
				PRODUCT_NAME = "$(TARGET_NAME)";
				TEST_HOST = "$(BUILT_PRODUCTS_DIR)/ArToJaThesis.app/ArToJaThesis";
			};
			name = Release;
		};
		B302370B1E86DBD00009D82C /* Debug */ = {
			isa = XCBuildConfiguration;
			buildSettings = {
				DEVELOPMENT_TEAM = SL962NMQ3M;
				INFOPLIST_FILE = ArToJaThesisUITests/Info.plist;
				LD_RUNPATH_SEARCH_PATHS = "$(inherited) @executable_path/Frameworks @loader_path/Frameworks";
				PRODUCT_BUNDLE_IDENTIFIER = jamesalmeida24.ArToJaThesisUITests;
				PRODUCT_NAME = "$(TARGET_NAME)";
				TEST_TARGET_NAME = ArToJaThesis;
			};
			name = Debug;
		};
		B302370C1E86DBD00009D82C /* Release */ = {
			isa = XCBuildConfiguration;
			buildSettings = {
				DEVELOPMENT_TEAM = SL962NMQ3M;
				INFOPLIST_FILE = ArToJaThesisUITests/Info.plist;
				LD_RUNPATH_SEARCH_PATHS = "$(inherited) @executable_path/Frameworks @loader_path/Frameworks";
				PRODUCT_BUNDLE_IDENTIFIER = jamesalmeida24.ArToJaThesisUITests;
				PRODUCT_NAME = "$(TARGET_NAME)";
				TEST_TARGET_NAME = ArToJaThesis;
			};
			name = Release;
		};
/* End XCBuildConfiguration section */

/* Begin XCConfigurationList section */
		B30236D21E86DBD00009D82C /* Build configuration list for PBXProject "ArToJaThesis" */ = {
			isa = XCConfigurationList;
			buildConfigurations = (
				B30237021E86DBD00009D82C /* Debug */,
				B30237031E86DBD00009D82C /* Release */,
			);
			defaultConfigurationIsVisible = 0;
			defaultConfigurationName = Release;
		};
		B30237041E86DBD00009D82C /* Build configuration list for PBXNativeTarget "ArToJaThesis" */ = {
			isa = XCConfigurationList;
			buildConfigurations = (
				B30237051E86DBD00009D82C /* Debug */,
				B30237061E86DBD00009D82C /* Release */,
			);
			defaultConfigurationIsVisible = 0;
			defaultConfigurationName = Release;
		};
		B30237071E86DBD00009D82C /* Build configuration list for PBXNativeTarget "ArToJaThesisTests" */ = {
			isa = XCConfigurationList;
			buildConfigurations = (
				B30237081E86DBD00009D82C /* Debug */,
				B30237091E86DBD00009D82C /* Release */,
			);
			defaultConfigurationIsVisible = 0;
			defaultConfigurationName = Release;
		};
		B302370A1E86DBD00009D82C /* Build configuration list for PBXNativeTarget "ArToJaThesisUITests" */ = {
			isa = XCConfigurationList;
			buildConfigurations = (
				B302370B1E86DBD00009D82C /* Debug */,
				B302370C1E86DBD00009D82C /* Release */,
			);
			defaultConfigurationIsVisible = 0;
			defaultConfigurationName = Release;
		};
/* End XCConfigurationList section */
	};
	rootObject = B30236CF1E86DBD00009D82C /* Project object */;
}
